// !$*UTF8*$!
{
	archiveVersion = 1;
	classes = {
	};
	objectVersion = 46;
	objects = {

/* Begin PBXBuildFile section */
		1EDCE2BD1D07969700995868 /* AppDelegate.swift in Sources */ = {isa = PBXBuildFile; fileRef = 1EDCE2BC1D07969700995868 /* AppDelegate.swift */; };
		1EDCE2BF1D07969700995868 /* ViewController.swift in Sources */ = {isa = PBXBuildFile; fileRef = 1EDCE2BE1D07969700995868 /* ViewController.swift */; };
		1EDCE2C21D07969700995868 /* Main.storyboard in Resources */ = {isa = PBXBuildFile; fileRef = 1EDCE2C01D07969700995868 /* Main.storyboard */; };
		1EDCE2C41D07969700995868 /* Assets.xcassets in Resources */ = {isa = PBXBuildFile; fileRef = 1EDCE2C31D07969700995868 /* Assets.xcassets */; };
		1EDCE2C71D07969700995868 /* LaunchScreen.storyboard in Resources */ = {isa = PBXBuildFile; fileRef = 1EDCE2C51D07969700995868 /* LaunchScreen.storyboard */; };
/* End PBXBuildFile section */

/* Begin PBXFileReference section */
		1EDCE2B91D07969700995868 /* ReactionsLabel.app */ = {isa = PBXFileReference; explicitFileType = wrapper.application; includeInIndex = 0; path = ReactionsLabel.app; sourceTree = BUILT_PRODUCTS_DIR; };
		1EDCE2BC1D07969700995868 /* AppDelegate.swift */ = {isa = PBXFileReference; lastKnownFileType = sourcecode.swift; path = AppDelegate.swift; sourceTree = "<group>"; };
		1EDCE2BE1D07969700995868 /* ViewController.swift */ = {isa = PBXFileReference; lastKnownFileType = sourcecode.swift; path = ViewController.swift; sourceTree = "<group>"; };
		1EDCE2C11D07969700995868 /* Base */ = {isa = PBXFileReference; lastKnownFileType = file.storyboard; name = Base; path = Base.lproj/Main.storyboard; sourceTree = "<group>"; };
		1EDCE2C31D07969700995868 /* Assets.xcassets */ = {isa = PBXFileReference; lastKnownFileType = folder.assetcatalog; path = Assets.xcassets; sourceTree = "<group>"; };
		1EDCE2C61D07969700995868 /* Base */ = {isa = PBXFileReference; lastKnownFileType = file.storyboard; name = Base; path = Base.lproj/LaunchScreen.storyboard; sourceTree = "<group>"; };
		1EDCE2C81D07969700995868 /* Info.plist */ = {isa = PBXFileReference; lastKnownFileType = text.plist.xml; path = Info.plist; sourceTree = "<group>"; };
/* End PBXFileReference section */

/* Begin PBXFrameworksBuildPhase section */
		1EDCE2B61D07969700995868 /* Frameworks */ = {
			isa = PBXFrameworksBuildPhase;
			buildActionMask = 2147483647;
			files = (
			);
			runOnlyForDeploymentPostprocessing = 0;
		};
/* End PBXFrameworksBuildPhase section */

/* Begin PBXGroup section */
		1EDCE2B01D07969700995868 = {
			isa = PBXGroup;
			children = (
				1EDCE2BB1D07969700995868 /* ReactionsLabel */,
				1EDCE2BA1D07969700995868 /* Products */,
			);
			sourceTree = "<group>";
		};
		1EDCE2BA1D07969700995868 /* Products */ = {
			isa = PBXGroup;
			children = (
				1EDCE2B91D07969700995868 /* ReactionsLabel.app */,
			);
			name = Products;
			sourceTree = "<group>";
		};
		1EDCE2BB1D07969700995868 /* ReactionsLabel */ = {
			isa = PBXGroup;
			children = (
				1EDCE2BC1D07969700995868 /* AppDelegate.swift */,
				1EDCE2BE1D07969700995868 /* ViewController.swift */,
				1EDCE2C01D07969700995868 /* Main.storyboard */,
				1EDCE2C31D07969700995868 /* Assets.xcassets */,
				1EDCE2C51D07969700995868 /* LaunchScreen.storyboard */,
				1EDCE2C81D07969700995868 /* Info.plist */,
			);
			path = ReactionsLabel;
			sourceTree = "<group>";
		};
/* End PBXGroup section */

/* Begin PBXNativeTarget section */
		1EDCE2B81D07969700995868 /* ReactionsLabel */ = {
			isa = PBXNativeTarget;
			buildConfigurationList = 1EDCE2CB1D07969700995868 /* Build configuration list for PBXNativeTarget "ReactionsLabel" */;
			buildPhases = (
				1EDCE2B51D07969700995868 /* Sources */,
				1EDCE2B61D07969700995868 /* Frameworks */,
				1EDCE2B71D07969700995868 /* Resources */,
			);
			buildRules = (
			);
			dependencies = (
			);
			name = ReactionsLabel;
			productName = ReactionsLabel;
			productReference = 1EDCE2B91D07969700995868 /* ReactionsLabel.app */;
			productType = "com.apple.product-type.application";
		};
/* End PBXNativeTarget section */

/* Begin PBXProject section */
		1EDCE2B11D07969700995868 /* Project object */ = {
			isa = PBXProject;
			attributes = {
				LastSwiftUpdateCheck = 0730;
				LastUpgradeCheck = 0730;
				ORGANIZATIONNAME = jmmanos;
				TargetAttributes = {
					1EDCE2B81D07969700995868 = {
						CreatedOnToolsVersion = 7.3.1;
					};
				};
			};
			buildConfigurationList = 1EDCE2B41D07969700995868 /* Build configuration list for PBXProject "ReactionsLabel" */;
			compatibilityVersion = "Xcode 3.2";
			developmentRegion = English;
			hasScannedForEncodings = 0;
			knownRegions = (
				en,
				Base,
			);
			mainGroup = 1EDCE2B01D07969700995868;
			productRefGroup = 1EDCE2BA1D07969700995868 /* Products */;
			projectDirPath = "";
			projectRoot = "";
			targets = (
				1EDCE2B81D07969700995868 /* ReactionsLabel */,
			);
		};
/* End PBXProject section */

/* Begin PBXResourcesBuildPhase section */
		1EDCE2B71D07969700995868 /* Resources */ = {
			isa = PBXResourcesBuildPhase;
			buildActionMask = 2147483647;
			files = (
				1EDCE2C71D07969700995868 /* LaunchScreen.storyboard in Resources */,
				1EDCE2C41D07969700995868 /* Assets.xcassets in Resources */,
				1EDCE2C21D07969700995868 /* Main.storyboard in Resources */,
			);
			runOnlyForDeploymentPostprocessing = 0;
		};
/* End PBXResourcesBuildPhase section */

/* Begin PBXSourcesBuildPhase section */
		1EDCE2B51D07969700995868 /* Sources */ = {
			isa = PBXSourcesBuildPhase;
			buildActionMask = 2147483647;
			files = (
				1EDCE2BF1D07969700995868 /* ViewController.swift in Sources */,
				1EDCE2BD1D07969700995868 /* AppDelegate.swift in Sources */,
			);
			runOnlyForDeploymentPostprocessing = 0;
		};
/* End PBXSourcesBuildPhase section */

/* Begin PBXVariantGroup section */
		1EDCE2C01D07969700995868 /* Main.storyboard */ = {
			isa = PBXVariantGroup;
			children = (
				1EDCE2C11D07969700995868 /* Base */,
			);
			name = Main.storyboard;
			sourceTree = "<group>";
		};
		1EDCE2C51D07969700995868 /* LaunchScreen.storyboard */ = {
			isa = PBXVariantGroup;
			children = (
				1EDCE2C61D07969700995868 /* Base */,
			);
			name = LaunchScreen.storyboard;
			sourceTree = "<group>";
		};
/* End PBXVariantGroup section */

/* Begin XCBuildConfiguration section */
		1EDCE2C91D07969700995868 /* Debug */ = {
			isa = XCBuildConfiguration;
			buildSettings = {
				ALWAYS_SEARCH_USER_PATHS = NO;
				CLANG_ANALYZER_NONNULL = YES;
				CLANG_CXX_LANGUAGE_STANDARD = "gnu++0x";
				CLANG_CXX_LIBRARY = "libc++";
				CLANG_ENABLE_MODULES = YES;
				CLANG_ENABLE_OBJC_ARC = YES;
				CLANG_WARN_BOOL_CONVERSION = YES;
				CLANG_WARN_CONSTANT_CONVERSION = YES;
				CLANG_WARN_DIRECT_OBJC_ISA_USAGE = YES_ERROR;
				CLANG_WARN_EMPTY_BODY = YES;
				CLANG_WARN_ENUM_CONVERSION = YES;
				CLANG_WARN_INT_CONVERSION = YES;
				CLANG_WARN_OBJC_ROOT_CLASS = YES_ERROR;
				CLANG_WARN_UNREACHABLE_CODE = YES;
				CLANG_WARN__DUPLICATE_METHOD_MATCH = YES;
				"CODE_SIGN_IDENTITY[sdk=iphoneos*]" = "iPhone Developer";
				COPY_PHASE_STRIP = NO;
				DEBUG_INFORMATION_FORMAT = dwarf;
				ENABLE_STRICT_OBJC_MSGSEND = YES;
				ENABLE_TESTABILITY = YES;
				GCC_C_LANGUAGE_STANDARD = gnu99;
				GCC_DYNAMIC_NO_PIC = NO;
				GCC_NO_COMMON_BLOCKS = YES;
				GCC_OPTIMIZATION_LEVEL = 0;
				GCC_PREPROCESSOR_DEFINITIONS = (
					"DEBUG=1",
					"$(inherited)",
				);
				GCC_WARN_64_TO_32_BIT_CONVERSION = YES;
				GCC_WARN_ABOUT_RETURN_TYPE = YES_ERROR;
				GCC_WARN_UNDECLARED_SELECTOR = YES;
				GCC_WARN_UNINITIALIZED_AUTOS = YES_AGGRESSIVE;
				GCC_WARN_UNUSED_FUNCTION = YES;
				GCC_WARN_UNUSED_VARIABLE = YES;
				IPHONEOS_DEPLOYMENT_TARGET = 9.3;
				MTL_ENABLE_DEBUG_INFO = YES;
				ONLY_ACTIVE_ARCH = YES;
				SDKROOT = iphoneos;
				SWIFT_OPTIMIZATION_LEVEL = "-Onone";
				TARGETED_DEVICE_FAMILY = "1,2";
			};
			name = Debug;
		};
		1EDCE2CA1D07969700995868 /* Release */ = {
			isa = XCBuildConfiguration;
			buildSettings = {
				ALWAYS_SEARCH_USER_PATHS = NO;
				CLANG_ANALYZER_NONNULL = YES;
				CLANG_CXX_LANGUAGE_STANDARD = "gnu++0x";
				CLANG_CXX_LIBRARY = "libc++";
				CLANG_ENABLE_MODULES = YES;
				CLANG_ENABLE_OBJC_ARC = YES;
				CLANG_WARN_BOOL_CONVERSION = YES;
				CLANG_WARN_CONSTANT_CONVERSION = YES;
				CLANG_WARN_DIRECT_OBJC_ISA_USAGE = YES_ERROR;
				CLANG_WARN_EMPTY_BODY = YES;
				CLANG_WARN_ENUM_CONVERSION = YES;
				CLANG_WARN_INT_CONVERSION = YES;
				CLANG_WARN_OBJC_ROOT_CLASS = YES_ERROR;
				CLANG_WARN_UNREACHABLE_CODE = YES;
				CLANG_WARN__DUPLICATE_METHOD_MATCH = YES;
				"CODE_SIGN_IDENTITY[sdk=iphoneos*]" = "iPhone Developer";
				COPY_PHASE_STRIP = NO;
				DEBUG_INFORMATION_FORMAT = "dwarf-with-dsym";
				ENABLE_NS_ASSERTIONS = NO;
				ENABLE_STRICT_OBJC_MSGSEND = YES;
				GCC_C_LANGUAGE_STANDARD = gnu99;
				GCC_NO_COMMON_BLOCKS = YES;
				GCC_WARN_64_TO_32_BIT_CONVERSION = YES;
				GCC_WARN_ABOUT_RETURN_TYPE = YES_ERROR;
				GCC_WARN_UNDECLARED_SELECTOR = YES;
				GCC_WARN_UNINITIALIZED_AUTOS = YES_AGGRESSIVE;
				GCC_WARN_UNUSED_FUNCTION = YES;
				GCC_WARN_UNUSED_VARIABLE = YES;
				IPHONEOS_DEPLOYMENT_TARGET = 9.3;
				MTL_ENABLE_DEBUG_INFO = NO;
				SDKROOT = iphoneos;
				TARGETED_DEVICE_FAMILY = "1,2";
				VALIDATE_PRODUCT = YES;
			};
			name = Release;
		};
		1EDCE2CC1D07969700995868 /* Debug */ = {
			isa = XCBuildConfiguration;
			buildSettings = {
				ASSETCATALOG_COMPILER_APPICON_NAME = AppIcon;
				INFOPLIST_FILE = ReactionsLabel/Info.plist;
				LD_RUNPATH_SEARCH_PATHS = "$(inherited) @executable_path/Frameworks";
				PRODUCT_BUNDLE_IDENTIFIER = jmmanos.ReactionsLabel;
				PRODUCT_NAME = "$(TARGET_NAME)";
			};
			name = Debug;
		};
		1EDCE2CD1D07969700995868 /* Release */ = {
			isa = XCBuildConfiguration;
			buildSettings = {
				ASSETCATALOG_COMPILER_APPICON_NAME = AppIcon;
				INFOPLIST_FILE = ReactionsLabel/Info.plist;
				LD_RUNPATH_SEARCH_PATHS = "$(inherited) @executable_path/Frameworks";
				PRODUCT_BUNDLE_IDENTIFIER = jmmanos.ReactionsLabel;
				PRODUCT_NAME = "$(TARGET_NAME)";
			};
			name = Release;
		};
/* End XCBuildConfiguration section */

/* Begin XCConfigurationList section */
		1EDCE2B41D07969700995868 /* Build configuration list for PBXProject "ReactionsLabel" */ = {
			isa = XCConfigurationList;
			buildConfigurations = (
				1EDCE2C91D07969700995868 /* Debug */,
				1EDCE2CA1D07969700995868 /* Release */,
			);
			defaultConfigurationIsVisible = 0;
			defaultConfigurationName = Release;
		};
		1EDCE2CB1D07969700995868 /* Build configuration list for PBXNativeTarget "ReactionsLabel" */ = {
			isa = XCConfigurationList;
			buildConfigurations = (
				1EDCE2CC1D07969700995868 /* Debug */,
				1EDCE2CD1D07969700995868 /* Release */,
			);
			defaultConfigurationIsVisible = 0;
		};
/* End XCConfigurationList section */
	};
	rootObject = 1EDCE2B11D07969700995868 /* Project object */;
}
